
Microsoft Visual Studio Solution File, Format Version 12.00
# Visual Studio 2012
Project("{FAE04EC0-301F-11D3-BF4B-00C04F79EFBC}") = "ExamPreparationTasks", "ExamPreparation\ExamPreparationTasks.csproj", "{7A6888FC-B5B4-4561-9278-9515E583A47F}"
EndProject
Project("{FAE04EC0-301F-11D3-BF4B-00C04F79EFBC}") = "FromTheNet", "FromTheNet\FromTheNet.csproj", "{E0969020-A448-436F-B934-4E3C4422A4AA}"
EndProject
Global
	GlobalSection(SolutionConfigurationPlatforms) = preSolution
		Debug|Any CPU = Debug|Any CPU
		Release|Any CPU = Release|Any CPU
	EndGlobalSection
	GlobalSection(ProjectConfigurationPlatforms) = postSolution
		{7A6888FC-B5B4-4561-9278-9515E583A47F}.Debug|Any CPU.ActiveCfg = Debug|Any CPU
		{7A6888FC-B5B4-4561-9278-9515E583A47F}.Debug|Any CPU.Build.0 = Debug|Any CPU
		{7A6888FC-B5B4-4561-9278-9515E583A47F}.Release|Any CPU.ActiveCfg = Release|Any CPU
		{7A6888FC-B5B4-4561-9278-9515E583A47F}.Release|Any CPU.Build.0 = Release|Any CPU
		{E0969020-A448-436F-B934-4E3C4422A4AA}.Debug|Any CPU.ActiveCfg = Debug|Any CPU
		{E0969020-A448-436F-B934-4E3C4422A4AA}.Debug|Any CPU.Build.0 = Debug|Any CPU
		{E0969020-A448-436F-B934-4E3C4422A4AA}.Release|Any CPU.ActiveCfg = Release|Any CPU
		{E0969020-A448-436F-B934-4E3C4422A4AA}.Release|Any CPU.Build.0 = Release|Any CPU
	EndGlobalSection
	GlobalSection(SolutionProperties) = preSolution
		HideSolutionNode = FALSE
	EndGlobalSection
EndGlobal
