
Microsoft Visual Studio Solution File, Format Version 12.00
# Visual Studio 2012
Project("{FAE04EC0-301F-11D3-BF4B-00C04F79EFBC}") = "DOMManipulation", "DOMManipulation\DOMManipulation.csproj", "{A06E9647-77E8-4D52-90E2-91FE6AD7BA58}"
EndProject
Global
	GlobalSection(SolutionConfigurationPlatforms) = preSolution
		Debug|Any CPU = Debug|Any CPU
		Release|Any CPU = Release|Any CPU
	EndGlobalSection
	GlobalSection(ProjectConfigurationPlatforms) = postSolution
		{A06E9647-77E8-4D52-90E2-91FE6AD7BA58}.Debug|Any CPU.ActiveCfg = Debug|Any CPU
		{A06E9647-77E8-4D52-90E2-91FE6AD7BA58}.Debug|Any CPU.Build.0 = Debug|Any CPU
		{A06E9647-77E8-4D52-90E2-91FE6AD7BA58}.Release|Any CPU.ActiveCfg = Release|Any CPU
		{A06E9647-77E8-4D52-90E2-91FE6AD7BA58}.Release|Any CPU.Build.0 = Release|Any CPU
	EndGlobalSection
	GlobalSection(SolutionProperties) = preSolution
		HideSolutionNode = FALSE
	EndGlobalSection
EndGlobal
