
Microsoft Visual Studio Solution File, Format Version 12.00
# Visual Studio 2012
Project("{FAE04EC0-301F-11D3-BF4B-00C04F79EFBC}") = "EventModel", "EventModel\EventModel.csproj", "{471D6AFA-56A4-49D0-B4FD-D6C928C89D76}"
EndProject
Global
	GlobalSection(SolutionConfigurationPlatforms) = preSolution
		Debug|Any CPU = Debug|Any CPU
		Release|Any CPU = Release|Any CPU
	EndGlobalSection
	GlobalSection(ProjectConfigurationPlatforms) = postSolution
		{471D6AFA-56A4-49D0-B4FD-D6C928C89D76}.Debug|Any CPU.ActiveCfg = Debug|Any CPU
		{471D6AFA-56A4-49D0-B4FD-D6C928C89D76}.Debug|Any CPU.Build.0 = Debug|Any CPU
		{471D6AFA-56A4-49D0-B4FD-D6C928C89D76}.Release|Any CPU.ActiveCfg = Release|Any CPU
		{471D6AFA-56A4-49D0-B4FD-D6C928C89D76}.Release|Any CPU.Build.0 = Release|Any CPU
	EndGlobalSection
	GlobalSection(SolutionProperties) = preSolution
		HideSolutionNode = FALSE
	EndGlobalSection
EndGlobal
