
Microsoft Visual Studio Solution File, Format Version 12.00
# Visual Studio 2012
Project("{FAE04EC0-301F-11D3-BF4B-00C04F79EFBC}") = "01. StraightLineCode", "StraightLineCode\01. StraightLineCode.csproj", "{2B8E7501-DD6A-4258-B951-A82A19A51636}"
EndProject
Project("{FAE04EC0-301F-11D3-BF4B-00C04F79EFBC}") = "02. IfStatements", "IfStatements\02. IfStatements.csproj", "{6A698C51-A3AD-432D-B725-A04611FCC66C}"
EndProject
Project("{FAE04EC0-301F-11D3-BF4B-00C04F79EFBC}") = "03. Loops", "Loops\03. Loops.csproj", "{2B0CE57C-85B8-469F-8F63-A617FC26045B}"
EndProject
Global
	GlobalSection(SolutionConfigurationPlatforms) = preSolution
		Debug|Any CPU = Debug|Any CPU
		Release|Any CPU = Release|Any CPU
	EndGlobalSection
	GlobalSection(ProjectConfigurationPlatforms) = postSolution
		{2B8E7501-DD6A-4258-B951-A82A19A51636}.Debug|Any CPU.ActiveCfg = Debug|Any CPU
		{2B8E7501-DD6A-4258-B951-A82A19A51636}.Debug|Any CPU.Build.0 = Debug|Any CPU
		{2B8E7501-DD6A-4258-B951-A82A19A51636}.Release|Any CPU.ActiveCfg = Release|Any CPU
		{2B8E7501-DD6A-4258-B951-A82A19A51636}.Release|Any CPU.Build.0 = Release|Any CPU
		{6A698C51-A3AD-432D-B725-A04611FCC66C}.Debug|Any CPU.ActiveCfg = Debug|Any CPU
		{6A698C51-A3AD-432D-B725-A04611FCC66C}.Debug|Any CPU.Build.0 = Debug|Any CPU
		{6A698C51-A3AD-432D-B725-A04611FCC66C}.Release|Any CPU.ActiveCfg = Release|Any CPU
		{6A698C51-A3AD-432D-B725-A04611FCC66C}.Release|Any CPU.Build.0 = Release|Any CPU
		{2B0CE57C-85B8-469F-8F63-A617FC26045B}.Debug|Any CPU.ActiveCfg = Debug|Any CPU
		{2B0CE57C-85B8-469F-8F63-A617FC26045B}.Debug|Any CPU.Build.0 = Debug|Any CPU
		{2B0CE57C-85B8-469F-8F63-A617FC26045B}.Release|Any CPU.ActiveCfg = Release|Any CPU
		{2B0CE57C-85B8-469F-8F63-A617FC26045B}.Release|Any CPU.Build.0 = Release|Any CPU
	EndGlobalSection
	GlobalSection(SolutionProperties) = preSolution
		HideSolutionNode = FALSE
	EndGlobalSection
EndGlobal
