
Microsoft Visual Studio Solution File, Format Version 11.00
# Visual Studio 2010
Project("{FAE04EC0-301F-11D3-BF4B-00C04F79EFBC}") = "Problem 2 Miss Cat 2011", "Problem 2 Miss Cat 2011\Problem 2 Miss Cat 2011.csproj", "{CAC2B408-F6E8-42C1-AC86-091461AEF8D3}"
EndProject
Project("{FAE04EC0-301F-11D3-BF4B-00C04F79EFBC}") = "Problem 4 Binary Digits Count", "Problem 4 Binary Digits Count\Problem 4 Binary Digits Count.csproj", "{975E3C22-5B20-4BA3-A898-A89F4DDEA2D8}"
EndProject
Project("{FAE04EC0-301F-11D3-BF4B-00C04F79EFBC}") = "Problem 5 Subset Sums", "Problem 5 Subset Sums\Problem 5 Subset Sums.csproj", "{2CC1E345-21ED-4467-BCE3-F4D6D69FECD9}"
EndProject
Project("{FAE04EC0-301F-11D3-BF4B-00C04F79EFBC}") = "Problem 1 Cartesian Coordinate System", "Problem 1 Cartesian Coordinate System\Problem 1 Cartesian Coordinate System.csproj", "{6516746F-26C6-4DB2-A2F3-A8129B155D5B}"
EndProject
Project("{FAE04EC0-301F-11D3-BF4B-00C04F79EFBC}") = "Problem 3 Forest Road", "Problem 3 Forest Road\Problem 3 Forest Road.csproj", "{1500AF1E-2F71-4187-A887-D86C571A8AE3}"
EndProject
Global
	GlobalSection(SolutionConfigurationPlatforms) = preSolution
		Debug|x86 = Debug|x86
		Release|x86 = Release|x86
	EndGlobalSection
	GlobalSection(ProjectConfigurationPlatforms) = postSolution
		{CAC2B408-F6E8-42C1-AC86-091461AEF8D3}.Debug|x86.ActiveCfg = Debug|x86
		{CAC2B408-F6E8-42C1-AC86-091461AEF8D3}.Debug|x86.Build.0 = Debug|x86
		{CAC2B408-F6E8-42C1-AC86-091461AEF8D3}.Release|x86.ActiveCfg = Release|x86
		{CAC2B408-F6E8-42C1-AC86-091461AEF8D3}.Release|x86.Build.0 = Release|x86
		{975E3C22-5B20-4BA3-A898-A89F4DDEA2D8}.Debug|x86.ActiveCfg = Debug|x86
		{975E3C22-5B20-4BA3-A898-A89F4DDEA2D8}.Debug|x86.Build.0 = Debug|x86
		{975E3C22-5B20-4BA3-A898-A89F4DDEA2D8}.Release|x86.ActiveCfg = Release|x86
		{975E3C22-5B20-4BA3-A898-A89F4DDEA2D8}.Release|x86.Build.0 = Release|x86
		{2CC1E345-21ED-4467-BCE3-F4D6D69FECD9}.Debug|x86.ActiveCfg = Debug|x86
		{2CC1E345-21ED-4467-BCE3-F4D6D69FECD9}.Debug|x86.Build.0 = Debug|x86
		{2CC1E345-21ED-4467-BCE3-F4D6D69FECD9}.Release|x86.ActiveCfg = Release|x86
		{2CC1E345-21ED-4467-BCE3-F4D6D69FECD9}.Release|x86.Build.0 = Release|x86
		{6516746F-26C6-4DB2-A2F3-A8129B155D5B}.Debug|x86.ActiveCfg = Debug|x86
		{6516746F-26C6-4DB2-A2F3-A8129B155D5B}.Debug|x86.Build.0 = Debug|x86
		{6516746F-26C6-4DB2-A2F3-A8129B155D5B}.Release|x86.ActiveCfg = Release|x86
		{6516746F-26C6-4DB2-A2F3-A8129B155D5B}.Release|x86.Build.0 = Release|x86
		{1500AF1E-2F71-4187-A887-D86C571A8AE3}.Debug|x86.ActiveCfg = Debug|x86
		{1500AF1E-2F71-4187-A887-D86C571A8AE3}.Debug|x86.Build.0 = Debug|x86
		{1500AF1E-2F71-4187-A887-D86C571A8AE3}.Release|x86.ActiveCfg = Release|x86
		{1500AF1E-2F71-4187-A887-D86C571A8AE3}.Release|x86.Build.0 = Release|x86
	EndGlobalSection
	GlobalSection(SolutionProperties) = preSolution
		HideSolutionNode = FALSE
	EndGlobalSection
EndGlobal
