
Microsoft Visual Studio Solution File, Format Version 12.00
# Visual Studio 2012
Project("{FAE04EC0-301F-11D3-BF4B-00C04F79EFBC}") = "01.SolarSystem", "01.SolarSystem.csproj", "{2F30E9AF-8256-40AF-B356-EA14E55CE9D7}"
EndProject
Project("{FAE04EC0-301F-11D3-BF4B-00C04F79EFBC}") = "02.BasicMathDiagnostics", "..\BasicMathDiagnostics\02.BasicMathDiagnostics.csproj", "{4FC60E67-5407-4FEC-AE4C-CA92C36ADC79}"
EndProject
Project("{FAE04EC0-301F-11D3-BF4B-00C04F79EFBC}") = "03.AdvancedMathDiagnostics", "AdvancedMathDiagnostics\03.AdvancedMathDiagnostics.csproj", "{794A3CD2-A348-4AB0-985A-41F57FF0449C}"
EndProject
Project("{FAE04EC0-301F-11D3-BF4B-00C04F79EFBC}") = "04.SortingDiagnostics", "..\SortingDiagnostics\04.SortingDiagnostics.csproj", "{17A26464-E7E7-43DA-A397-0408FAB265F7}"
EndProject
Global
	GlobalSection(SolutionConfigurationPlatforms) = preSolution
		Debug|Any CPU = Debug|Any CPU
		Release|Any CPU = Release|Any CPU
	EndGlobalSection
	GlobalSection(ProjectConfigurationPlatforms) = postSolution
		{2F30E9AF-8256-40AF-B356-EA14E55CE9D7}.Debug|Any CPU.ActiveCfg = Debug|Any CPU
		{2F30E9AF-8256-40AF-B356-EA14E55CE9D7}.Debug|Any CPU.Build.0 = Debug|Any CPU
		{2F30E9AF-8256-40AF-B356-EA14E55CE9D7}.Release|Any CPU.ActiveCfg = Release|Any CPU
		{2F30E9AF-8256-40AF-B356-EA14E55CE9D7}.Release|Any CPU.Build.0 = Release|Any CPU
		{4FC60E67-5407-4FEC-AE4C-CA92C36ADC79}.Debug|Any CPU.ActiveCfg = Debug|Any CPU
		{4FC60E67-5407-4FEC-AE4C-CA92C36ADC79}.Debug|Any CPU.Build.0 = Debug|Any CPU
		{4FC60E67-5407-4FEC-AE4C-CA92C36ADC79}.Release|Any CPU.ActiveCfg = Release|Any CPU
		{4FC60E67-5407-4FEC-AE4C-CA92C36ADC79}.Release|Any CPU.Build.0 = Release|Any CPU
		{794A3CD2-A348-4AB0-985A-41F57FF0449C}.Debug|Any CPU.ActiveCfg = Debug|Any CPU
		{794A3CD2-A348-4AB0-985A-41F57FF0449C}.Debug|Any CPU.Build.0 = Debug|Any CPU
		{794A3CD2-A348-4AB0-985A-41F57FF0449C}.Release|Any CPU.ActiveCfg = Release|Any CPU
		{794A3CD2-A348-4AB0-985A-41F57FF0449C}.Release|Any CPU.Build.0 = Release|Any CPU
		{17A26464-E7E7-43DA-A397-0408FAB265F7}.Debug|Any CPU.ActiveCfg = Debug|Any CPU
		{17A26464-E7E7-43DA-A397-0408FAB265F7}.Debug|Any CPU.Build.0 = Debug|Any CPU
		{17A26464-E7E7-43DA-A397-0408FAB265F7}.Release|Any CPU.ActiveCfg = Release|Any CPU
		{17A26464-E7E7-43DA-A397-0408FAB265F7}.Release|Any CPU.Build.0 = Release|Any CPU
	EndGlobalSection
	GlobalSection(SolutionProperties) = preSolution
		HideSolutionNode = FALSE
	EndGlobalSection
EndGlobal
